# This file was autogenerated by Stack.
# You should not edit this file by hand.
# For more information, please see the documentation at:
#   https://docs.haskellstack.org/en/stable/lock_files

packages:
- completed:
    size: 18539
    url: https://github.com/PLSysSec/frankie/archive/b9ee2c0f7667025d0d0ac3a43ded43d1d1d63c28.tar.gz
    name: frankie
    version: 0.0.0.1
    sha256: f83bdc83c0adc4ee3accde25ae3f38f1ae332753a45ca9f0f7f26f5f17b0f55d
    pantry-tree:
      size: 1079
      sha256: cbdda0fb1f9b56d3e356cbee1bec9014e9fa0682d59d65075fae507c17341a59
  original:
    url: https://github.com/PLSysSec/frankie/archive/b9ee2c0f7667025d0d0ac3a43ded43d1d1d63c28.tar.gz
- completed:
    hackage: mime-mail-0.4.14@sha256:22e54d99c3f9f21004c929f0cf0c7ab75fcee5e0666c03517157be61be6fea93,1647
    pantry-tree:
      size: 439
      sha256: 85b015dbc632b2796dfc1b6b750f4a7906c62c4067af0f27460fbf38c712b6e4
  original:
    hackage: mime-mail-0.4.14@sha256:22e54d99c3f9f21004c929f0cf0c7ab75fcee5e0666c03517157be61be6fea93,1647
- completed:
    hackage: amazonka-1.6.1@sha256:f58b63e83876f93aa03c54e54b3eb8ba9358af93819d41f4a5a8f8b7d8b8399c,3544
    pantry-tree:
      size: 992
      sha256: d792656a70ee42df262a599bc6608bda069e33092d665c3438a6eeeaf7db4fb2
  original:
    hackage: amazonka-1.6.1@sha256:f58b63e83876f93aa03c54e54b3eb8ba9358af93819d41f4a5a8f8b7d8b8399c,3544
- completed:
    hackage: amazonka-core-1.6.1@sha256:9bc59ce403c6eeba3b3eaf3f10e5f0b6a33b6edbbf8f6de0dd6f4c67b86fa698,5135
    pantry-tree:
      size: 3438
      sha256: c13e643176308771491ec0e06390e269047bb1b28be4535992842f7426a95eb4
  original:
    hackage: amazonka-core-1.6.1@sha256:9bc59ce403c6eeba3b3eaf3f10e5f0b6a33b6edbbf8f6de0dd6f4c67b86fa698,5135
- completed:
    hackage: amazonka-s3-1.6.1@sha256:9d07240fca59ad5197fb614ce3051e701e4951e6d4625a2dab4a9c17a1900194,6317
    pantry-tree:
      size: 18385
      sha256: 5cab233d241615764d9fd6927bc397f02887154450a9932c38c2e17ea86d79bc
  original:
    hackage: amazonka-s3-1.6.1@sha256:9d07240fca59ad5197fb614ce3051e701e4951e6d4625a2dab4a9c17a1900194,6317
- completed:
    hackage: connection-0.2.8@sha256:b33ed18b274e9d65ffefcda46ba3d6ff852bec1e7ffcb686985228dc52631c2e,1525
    pantry-tree:
      size: 386
      sha256: c551e941b8b047a1f2ae6a44c15a405ddeb12132953dd6c782041c070ee3e358
  original:
    hackage: connection-0.2.8@sha256:b33ed18b274e9d65ffefcda46ba3d6ff852bec1e7ffcb686985228dc52631c2e,1525
- completed:
    hackage: socks-0.5.6@sha256:bb051589a00d18301556dbff82d89955a5534baf91a5e050e5f3a65f3415609c,1299
    pantry-tree:
      size: 693
      sha256: 4ef36ec31595199c8a18a9d33749aee3802b6ec056ec99effeb528262db9fd62
  original:
    hackage: socks-0.5.6@sha256:bb051589a00d18301556dbff82d89955a5534baf91a5e050e5f3a65f3415609c,1299
- completed:
    hackage: HaskellNet-0.5.1@sha256:53f2cfffb140740691296f905a70143c859b571eea3f5cf5f7a4642851d9e38a,1584
    pantry-tree:
      size: 1437
      sha256: e0806ea13b946dfc785bf9580e126cfcb8d3c6f21e1fbe313374745c3a8a8b99
  original:
    hackage: HaskellNet-0.5.1@sha256:53f2cfffb140740691296f905a70143c859b571eea3f5cf5f7a4642851d9e38a,1584
- completed:
    hackage: HaskellNet-SSL-0.3.4.1@sha256:3ca14dd69460a380cf69aed40654fb10c4c03e344632b6a9986568c87feda157,1843
    pantry-tree:
      size: 577
      sha256: 33fbfd0d8bbaa689f0169d442861dafcdcd4fe795a4b42aa0bedbfa41aa65b23
  original:
    hackage: HaskellNet-SSL-0.3.4.1@sha256:3ca14dd69460a380cf69aed40654fb10c4c03e344632b6a9986568c87feda157,1843
snapshots:
- completed:
    size: 523700
    url: https://raw.githubusercontent.com/commercialhaskell/stackage-snapshots/master/lts/14/7.yaml
    sha256: 8e3f3c894be74d71fa4bf085e0a8baae7e4d7622d07ea31a52736b80f8b9bb1a
  original: lts-14.7
