# This file was autogenerated by Stack.
# You should not edit this file by hand.
# For more information, please see the documentation at:
#   https://docs.haskellstack.org/en/stable/lock_files

packages:
- completed:
    size: 17908
    url: https://github.com/PLSysSec/frankie/archive/8894b528847a9f3bdef7ec47e905fc81081c2940.tar.gz
    name: frankie
    version: 0.0.0.1
    sha256: 79e202bd6bf8316aa402be2554ac5f5712724a199e721438d0b764c61e6913c2
    pantry-tree:
      size: 1017
      sha256: 8bb2c1ca960e6ccc2861abd25ee984c842651ece475302f49dd6899431bdb5fe
  original:
    url: https://github.com/PLSysSec/frankie/archive/8894b528847a9f3bdef7ec47e905fc81081c2940.tar.gz
snapshots:
- completed:
    size: 496112
    url: https://raw.githubusercontent.com/commercialhaskell/stackage-snapshots/master/lts/15/13.yaml
    sha256: 75a1a0f870e1876898b117b0e443f911b3fa2985bfabb53158c81ab5765beda5
  original: lts-15.13
